
Microsoft Visual Studio Solution File, Format Version 12.00
Project("{FAE04EC0-301F-11D3-BF4B-00C04F79EFBC}") = "WebApp", "WebApp\WebApp.csproj", "{BE6A1438-5316-4E0A-BF01-02B352D00119}"
EndProject
Project("{FAE04EC0-301F-11D3-BF4B-00C04F79EFBC}") = "Business", "Business\Business.csproj", "{F8257546-A865-439C-84A0-A95131FA83CF}"
EndProject
Project("{FAE04EC0-301F-11D3-BF4B-00C04F79EFBC}") = "Data", "Data\Data.csproj", "{87965FDB-345C-4F1F-82F2-1C73C228A559}"
EndProject
Global
	GlobalSection(SolutionConfigurationPlatforms) = preSolution
		Debug|Any CPU = Debug|Any CPU
		Release|Any CPU = Release|Any CPU
	EndGlobalSection
	GlobalSection(ProjectConfigurationPlatforms) = postSolution
		{BE6A1438-5316-4E0A-BF01-02B352D00119}.Debug|Any CPU.ActiveCfg = Debug|Any CPU
		{BE6A1438-5316-4E0A-BF01-02B352D00119}.Debug|Any CPU.Build.0 = Debug|Any CPU
		{BE6A1438-5316-4E0A-BF01-02B352D00119}.Release|Any CPU.ActiveCfg = Release|Any CPU
		{BE6A1438-5316-4E0A-BF01-02B352D00119}.Release|Any CPU.Build.0 = Release|Any CPU
		{F8257546-A865-439C-84A0-A95131FA83CF}.Debug|Any CPU.ActiveCfg = Debug|Any CPU
		{F8257546-A865-439C-84A0-A95131FA83CF}.Debug|Any CPU.Build.0 = Debug|Any CPU
		{F8257546-A865-439C-84A0-A95131FA83CF}.Release|Any CPU.ActiveCfg = Release|Any CPU
		{F8257546-A865-439C-84A0-A95131FA83CF}.Release|Any CPU.Build.0 = Release|Any CPU
		{87965FDB-345C-4F1F-82F2-1C73C228A559}.Debug|Any CPU.ActiveCfg = Debug|Any CPU
		{87965FDB-345C-4F1F-82F2-1C73C228A559}.Debug|Any CPU.Build.0 = Debug|Any CPU
		{87965FDB-345C-4F1F-82F2-1C73C228A559}.Release|Any CPU.ActiveCfg = Release|Any CPU
		{87965FDB-345C-4F1F-82F2-1C73C228A559}.Release|Any CPU.Build.0 = Release|Any CPU
	EndGlobalSection
EndGlobal
